
Microsoft Visual Studio Solution File, Format Version 12.00
# Visual Studio 15
VisualStudioVersion = 15.0.26124.0
MinimumVisualStudioVersion = 15.0.26124.0
Project("{FAE04EC0-301F-11D3-BF4B-00C04F79EFBC}") = "Domain", "Domain\Domain.csproj", "{B70A4009-FCE4-4980-8100-DEFFF08B6A92}"
EndProject
Project("{FAE04EC0-301F-11D3-BF4B-00C04F79EFBC}") = "Application", "Application\Application.csproj", "{66727087-DBD4-40BA-94FD-2B7CD0E30C64}"
EndProject
Project("{FAE04EC0-301F-11D3-BF4B-00C04F79EFBC}") = "Persistence", "Persistence\Persistence.csproj", "{1995EAC5-B234-459C-AFB1-48615EDD2570}"
EndProject
Project("{FAE04EC0-301F-11D3-BF4B-00C04F79EFBC}") = "API", "API\API.csproj", "{DCD48E32-8A9D-40E9-8522-C4CBD166D9D5}"
EndProject
Global
	GlobalSection(SolutionConfigurationPlatforms) = preSolution
		Debug|Any CPU = Debug|Any CPU
		Debug|x64 = Debug|x64
		Debug|x86 = Debug|x86
		Release|Any CPU = Release|Any CPU
		Release|x64 = Release|x64
		Release|x86 = Release|x86
	EndGlobalSection
	GlobalSection(SolutionProperties) = preSolution
		HideSolutionNode = FALSE
	EndGlobalSection
	GlobalSection(ProjectConfigurationPlatforms) = postSolution
		{B70A4009-FCE4-4980-8100-DEFFF08B6A92}.Debug|Any CPU.ActiveCfg = Debug|Any CPU
		{B70A4009-FCE4-4980-8100-DEFFF08B6A92}.Debug|Any CPU.Build.0 = Debug|Any CPU
		{B70A4009-FCE4-4980-8100-DEFFF08B6A92}.Debug|x64.ActiveCfg = Debug|Any CPU
		{B70A4009-FCE4-4980-8100-DEFFF08B6A92}.Debug|x64.Build.0 = Debug|Any CPU
		{B70A4009-FCE4-4980-8100-DEFFF08B6A92}.Debug|x86.ActiveCfg = Debug|Any CPU
		{B70A4009-FCE4-4980-8100-DEFFF08B6A92}.Debug|x86.Build.0 = Debug|Any CPU
		{B70A4009-FCE4-4980-8100-DEFFF08B6A92}.Release|Any CPU.ActiveCfg = Release|Any CPU
		{B70A4009-FCE4-4980-8100-DEFFF08B6A92}.Release|Any CPU.Build.0 = Release|Any CPU
		{B70A4009-FCE4-4980-8100-DEFFF08B6A92}.Release|x64.ActiveCfg = Release|Any CPU
		{B70A4009-FCE4-4980-8100-DEFFF08B6A92}.Release|x64.Build.0 = Release|Any CPU
		{B70A4009-FCE4-4980-8100-DEFFF08B6A92}.Release|x86.ActiveCfg = Release|Any CPU
		{B70A4009-FCE4-4980-8100-DEFFF08B6A92}.Release|x86.Build.0 = Release|Any CPU
		{66727087-DBD4-40BA-94FD-2B7CD0E30C64}.Debug|Any CPU.ActiveCfg = Debug|Any CPU
		{66727087-DBD4-40BA-94FD-2B7CD0E30C64}.Debug|Any CPU.Build.0 = Debug|Any CPU
		{66727087-DBD4-40BA-94FD-2B7CD0E30C64}.Debug|x64.ActiveCfg = Debug|Any CPU
		{66727087-DBD4-40BA-94FD-2B7CD0E30C64}.Debug|x64.Build.0 = Debug|Any CPU
		{66727087-DBD4-40BA-94FD-2B7CD0E30C64}.Debug|x86.ActiveCfg = Debug|Any CPU
		{66727087-DBD4-40BA-94FD-2B7CD0E30C64}.Debug|x86.Build.0 = Debug|Any CPU
		{66727087-DBD4-40BA-94FD-2B7CD0E30C64}.Release|Any CPU.ActiveCfg = Release|Any CPU
		{66727087-DBD4-40BA-94FD-2B7CD0E30C64}.Release|Any CPU.Build.0 = Release|Any CPU
		{66727087-DBD4-40BA-94FD-2B7CD0E30C64}.Release|x64.ActiveCfg = Release|Any CPU
		{66727087-DBD4-40BA-94FD-2B7CD0E30C64}.Release|x64.Build.0 = Release|Any CPU
		{66727087-DBD4-40BA-94FD-2B7CD0E30C64}.Release|x86.ActiveCfg = Release|Any CPU
		{66727087-DBD4-40BA-94FD-2B7CD0E30C64}.Release|x86.Build.0 = Release|Any CPU
		{1995EAC5-B234-459C-AFB1-48615EDD2570}.Debug|Any CPU.ActiveCfg = Debug|Any CPU
		{1995EAC5-B234-459C-AFB1-48615EDD2570}.Debug|Any CPU.Build.0 = Debug|Any CPU
		{1995EAC5-B234-459C-AFB1-48615EDD2570}.Debug|x64.ActiveCfg = Debug|Any CPU
		{1995EAC5-B234-459C-AFB1-48615EDD2570}.Debug|x64.Build.0 = Debug|Any CPU
		{1995EAC5-B234-459C-AFB1-48615EDD2570}.Debug|x86.ActiveCfg = Debug|Any CPU
		{1995EAC5-B234-459C-AFB1-48615EDD2570}.Debug|x86.Build.0 = Debug|Any CPU
		{1995EAC5-B234-459C-AFB1-48615EDD2570}.Release|Any CPU.ActiveCfg = Release|Any CPU
		{1995EAC5-B234-459C-AFB1-48615EDD2570}.Release|Any CPU.Build.0 = Release|Any CPU
		{1995EAC5-B234-459C-AFB1-48615EDD2570}.Release|x64.ActiveCfg = Release|Any CPU
		{1995EAC5-B234-459C-AFB1-48615EDD2570}.Release|x64.Build.0 = Release|Any CPU
		{1995EAC5-B234-459C-AFB1-48615EDD2570}.Release|x86.ActiveCfg = Release|Any CPU
		{1995EAC5-B234-459C-AFB1-48615EDD2570}.Release|x86.Build.0 = Release|Any CPU
		{DCD48E32-8A9D-40E9-8522-C4CBD166D9D5}.Debug|Any CPU.ActiveCfg = Debug|Any CPU
		{DCD48E32-8A9D-40E9-8522-C4CBD166D9D5}.Debug|Any CPU.Build.0 = Debug|Any CPU
		{DCD48E32-8A9D-40E9-8522-C4CBD166D9D5}.Debug|x64.ActiveCfg = Debug|Any CPU
		{DCD48E32-8A9D-40E9-8522-C4CBD166D9D5}.Debug|x64.Build.0 = Debug|Any CPU
		{DCD48E32-8A9D-40E9-8522-C4CBD166D9D5}.Debug|x86.ActiveCfg = Debug|Any CPU
		{DCD48E32-8A9D-40E9-8522-C4CBD166D9D5}.Debug|x86.Build.0 = Debug|Any CPU
		{DCD48E32-8A9D-40E9-8522-C4CBD166D9D5}.Release|Any CPU.ActiveCfg = Release|Any CPU
		{DCD48E32-8A9D-40E9-8522-C4CBD166D9D5}.Release|Any CPU.Build.0 = Release|Any CPU
		{DCD48E32-8A9D-40E9-8522-C4CBD166D9D5}.Release|x64.ActiveCfg = Release|Any CPU
		{DCD48E32-8A9D-40E9-8522-C4CBD166D9D5}.Release|x64.Build.0 = Release|Any CPU
		{DCD48E32-8A9D-40E9-8522-C4CBD166D9D5}.Release|x86.ActiveCfg = Release|Any CPU
		{DCD48E32-8A9D-40E9-8522-C4CBD166D9D5}.Release|x86.Build.0 = Release|Any CPU
	EndGlobalSection
EndGlobal
